{
  "nodes": {
    "flake-compat": {
      "flake": false,
      "locked": {
        "lastModified": 1673956053,
        "narHash": "sha256-4gtG9iQuiKITOjNQQeQIpoIB6b16fm+504Ch3sNKLd8=",
        "owner": "edolstra",
        "repo": "flake-compat",
        "rev": "35bb57c0c8d8b62bbfd284272c928ceb64ddbde9",
        "type": "github"
      },
      "original": {
        "owner": "edolstra",
        "repo": "flake-compat",
        "type": "github"
      }
    },
    "nixpkgs": {
      "locked": {
        "lastModified": 1767276799,
        "narHash": "sha256-FW1bq43LRGMwA+SNoe64fMsM19/5QS+8rwfECmiukxk=",
        "owner": "NixOS",
        "repo": "nixpkgs",
        "rev": "af559d367a9ff45e6e0f8c5b214d12dfa6ac4155",
        "type": "github"
      },
      "original": {
        "owner": "NixOS",
        "ref": "master",
        "repo": "nixpkgs",
        "type": "github"
      }
    },
    "root": {
      "inputs": {
        "flake-compat": "flake-compat",
        "nixpkgs": "nixpkgs",
        "tiny-audio-player": "tiny-audio-player"
      }
    },
    "tiny-audio-player": {
      "inputs": {
        "nixpkgs": [
          "nixpkgs"
        ]
      },
      "locked": {
        "lastModified": 1769797635,
        "narHash": "sha256-ENwjbVYOks9bkBAIpfwQg5uCHrU8iG7zq/5toKmdoZk=",
        "owner": "emmanuelrosa",
        "repo": "tiny_audio_player",
        "rev": "350c1697d0a0181d55bda191b10a75cfcb8c9c50",
        "type": "github"
      },
      "original": {
        "owner": "emmanuelrosa",
        "repo": "tiny_audio_player",
        "type": "github"
      }
    }
  },
  "root": "root",
  "version": 7
}
