{
  "nodes": {
    "nixpkgs": {
      "locked": {
        "lastModified": 1647007868,
        "narHash": "sha256-7BuU3L2CfxSLOamuO01TBQbI5RT84spg8q3voIdphYI=",
        "owner": "NixOS",
        "repo": "nixpkgs",
        "rev": "767b5c1730fb13d7dc52b7eafefa29fdb3c1b36a",
        "type": "github"
      },
      "original": {
        "owner": "NixOS",
        "ref": "master",
        "repo": "nixpkgs",
        "type": "github"
      }
    },
    "root": {
      "inputs": {
        "nixpkgs": "nixpkgs"
      }
    }
  },
  "root": "root",
  "version": 7
}
