{
  "nodes": {
    "nixpkgs": {
      "locked": {
        "lastModified": 1645792951,
        "narHash": "sha256-pXlsaSW0zj3jmug+HsI/lH7rHWkc03EnCnWcZUa5Nfs=",
        "owner": "NixOS",
        "repo": "nixpkgs",
        "rev": "49186d631fb860859a05fa59b2ed7d38c9ad286c",
        "type": "github"
      },
      "original": {
        "owner": "NixOS",
        "ref": "master",
        "repo": "nixpkgs",
        "type": "github"
      }
    },
    "root": {
      "inputs": {
        "nixpkgs": "nixpkgs"
      }
    }
  },
  "root": "root",
  "version": 7
}
